# This file was generated by Aiken
# You typically do not need to edit this file

[[requirements]]
name = "aiken-lang/stdlib"
version = "v2.2.0"
source = "github"

[[requirements]]
name = "sidan-lab/vodka"
version = "0.1.14"
source = "github"

[[packages]]
name = "aiken-lang/stdlib"
version = "v2.2.0"
requirements = []
source = "github"

[[packages]]
name = "sidan-lab/vodka"
version = "0.1.14"
requirements = []
source = "github"

[etags]
