# This file was generated by Aiken
# You typically do not need to edit this file

[[requirements]]
name = "aiken-lang/stdlib"
version = "v4.0.0"
source = "github"

[[requirements]]
name = "anastasia-labs/aiken-design-patterns"
version = "v1.9.0"
source = "github"

[[requirements]]
name = "aiken-lang/fuzz"
version = "v3.0.0"
source = "github"

[[requirements]]
name = "keyan-m/aiken-scott-utils"
version = "v1.5.0"
source = "github"

[[packages]]
name = "aiken-lang/stdlib"
version = "v4.0.0"
requirements = []
source = "github"

[[packages]]
name = "anastasia-labs/aiken-design-patterns"
version = "v1.9.0"
requirements = []
source = "github"

[[packages]]
name = "aiken-lang/fuzz"
version = "v3.0.0"
requirements = []
source = "github"

[[packages]]
name = "keyan-m/aiken-scott-utils"
version = "v1.5.0"
requirements = []
source = "github"

[etags]
