# This file was generated by Aiken
# You typically do not need to edit this file

[[requirements]]
name = "aiken-lang/stdlib"
version = "v3.1.0"
source = "github"

[[requirements]]
name = "sidan-lab/vodka"
version = "0.1.23"
source = "github"

[[packages]]
name = "aiken-lang/stdlib"
version = "v3.1.0"
requirements = []
source = "github"

[[packages]]
name = "sidan-lab/vodka"
version = "0.1.23"
requirements = []
source = "github"

[etags]
